
Microsoft Visual Studio Solution File, Format Version 12.00
# Visual Studio Version 17
VisualStudioVersion = 17.8.34330.188
MinimumVisualStudioVersion = 10.0.40219.1
Project("{9A19103F-16F7-4668-BE54-9A1E7A4F7556}") = "SecureCase.Infrastructure", "SecureCase.Infrastructure.csproj", "{4974B6DB-F986-47E8-9815-1D9627A0DE96}"
EndProject
Global
	GlobalSection(SolutionConfigurationPlatforms) = preSolution
		Debug|Any CPU = Debug|Any CPU
		Release|Any CPU = Release|Any CPU
	EndGlobalSection
	GlobalSection(ProjectConfigurationPlatforms) = postSolution
		{4974B6DB-F986-47E8-9815-1D9627A0DE96}.Debug|Any CPU.ActiveCfg = Debug|Any CPU
		{4974B6DB-F986-47E8-9815-1D9627A0DE96}.Debug|Any CPU.Build.0 = Debug|Any CPU
		{4974B6DB-F986-47E8-9815-1D9627A0DE96}.Release|Any CPU.ActiveCfg = Release|Any CPU
		{4974B6DB-F986-47E8-9815-1D9627A0DE96}.Release|Any CPU.Build.0 = Release|Any CPU
	EndGlobalSection
	GlobalSection(SolutionProperties) = preSolution
		HideSolutionNode = FALSE
	EndGlobalSection
	GlobalSection(ExtensibilityGlobals) = postSolution
		SolutionGuid = {7ADE0BEE-86CE-488F-8330-4CD1490928B9}
	EndGlobalSection
EndGlobal
